
Microsoft Visual Studio Solution File, Format Version 12.00
# Visual Studio Version 17
VisualStudioVersion = 17.11.35222.181
MinimumVisualStudioVersion = 10.0.40219.1
Project("{FAE04EC0-301F-11D3-BF4B-00C04F79EFBC}") = "MessageProcessorWorker", "MessageProcessorWorker\MessageProcessorWorker.csproj", "{F76AEE8C-10D4-44D4-8F5D-E34BAC17D550}"
EndProject
Project("{FAE04EC0-301F-11D3-BF4B-00C04F79EFBC}") = "MessageAPI", "MessageAPI\MessageAPI.csproj", "{1CECDA05-E7EC-4119-84AA-AF67DD12505F}"
EndProject
Global
	GlobalSection(SolutionConfigurationPlatforms) = preSolution
		Debug|Any CPU = Debug|Any CPU
		Release|Any CPU = Release|Any CPU
	EndGlobalSection
	GlobalSection(ProjectConfigurationPlatforms) = postSolution
		{F76AEE8C-10D4-44D4-8F5D-E34BAC17D550}.Debug|Any CPU.ActiveCfg = Debug|Any CPU
		{F76AEE8C-10D4-44D4-8F5D-E34BAC17D550}.Debug|Any CPU.Build.0 = Debug|Any CPU
		{F76AEE8C-10D4-44D4-8F5D-E34BAC17D550}.Release|Any CPU.ActiveCfg = Release|Any CPU
		{F76AEE8C-10D4-44D4-8F5D-E34BAC17D550}.Release|Any CPU.Build.0 = Release|Any CPU
		{1CECDA05-E7EC-4119-84AA-AF67DD12505F}.Debug|Any CPU.ActiveCfg = Debug|Any CPU
		{1CECDA05-E7EC-4119-84AA-AF67DD12505F}.Debug|Any CPU.Build.0 = Debug|Any CPU
		{1CECDA05-E7EC-4119-84AA-AF67DD12505F}.Release|Any CPU.ActiveCfg = Release|Any CPU
		{1CECDA05-E7EC-4119-84AA-AF67DD12505F}.Release|Any CPU.Build.0 = Release|Any CPU
	EndGlobalSection
	GlobalSection(SolutionProperties) = preSolution
		HideSolutionNode = FALSE
	EndGlobalSection
	GlobalSection(ExtensibilityGlobals) = postSolution
		SolutionGuid = {466A8FF6-ED67-4482-9ED2-582B1AD4B49E}
	EndGlobalSection
EndGlobal
